
Microsoft Visual Studio Solution File, Format Version 12.00
# Visual Studio Version 17
VisualStudioVersion = 17.7.34031.279
MinimumVisualStudioVersion = 10.0.40219.1
Project("{FAE04EC0-301F-11D3-BF4B-00C04F79EFBC}") = "AreaCalculator", "AreaCalculator\AreaCalculator.csproj", "{A07371A7-7A29-480F-8FF8-7B9126F1BE55}"
EndProject
Project("{FAE04EC0-301F-11D3-BF4B-00C04F79EFBC}") = "ArealCalculatorInheritance", "ArealCalculatorInheritance\ArealCalculatorInheritance.csproj", "{DE85F7E8-5A68-4127-9C29-03374D2A92FB}"
EndProject
Global
	GlobalSection(SolutionConfigurationPlatforms) = preSolution
		Debug|Any CPU = Debug|Any CPU
		Release|Any CPU = Release|Any CPU
	EndGlobalSection
	GlobalSection(ProjectConfigurationPlatforms) = postSolution
		{A07371A7-7A29-480F-8FF8-7B9126F1BE55}.Debug|Any CPU.ActiveCfg = Debug|Any CPU
		{A07371A7-7A29-480F-8FF8-7B9126F1BE55}.Debug|Any CPU.Build.0 = Debug|Any CPU
		{A07371A7-7A29-480F-8FF8-7B9126F1BE55}.Release|Any CPU.ActiveCfg = Release|Any CPU
		{A07371A7-7A29-480F-8FF8-7B9126F1BE55}.Release|Any CPU.Build.0 = Release|Any CPU
		{DE85F7E8-5A68-4127-9C29-03374D2A92FB}.Debug|Any CPU.ActiveCfg = Debug|Any CPU
		{DE85F7E8-5A68-4127-9C29-03374D2A92FB}.Debug|Any CPU.Build.0 = Debug|Any CPU
		{DE85F7E8-5A68-4127-9C29-03374D2A92FB}.Release|Any CPU.ActiveCfg = Release|Any CPU
		{DE85F7E8-5A68-4127-9C29-03374D2A92FB}.Release|Any CPU.Build.0 = Release|Any CPU
	EndGlobalSection
	GlobalSection(SolutionProperties) = preSolution
		HideSolutionNode = FALSE
	EndGlobalSection
	GlobalSection(ExtensibilityGlobals) = postSolution
		SolutionGuid = {4ECF9407-1E65-44AB-A9EB-3A7C458761D9}
	EndGlobalSection
EndGlobal
